// !$*UTF8*$!
{
	archiveVersion = 1;
	classes = {
	};
	objectVersion = 56;
	objects = {

/* Begin PBXBuildFile section */
		BFF1CCB769ED72714DC651B1 /* Pods_Smack.framework in Frameworks */ = {isa = PBXBuildFile; fileRef = 15A462F18BF8BBE4FBF569DA /* Pods_Smack.framework */; };
		E61281FF2C8F402700D8E09E /* AppDelegate.swift in Sources */ = {isa = PBXBuildFile; fileRef = E61281FE2C8F402700D8E09E /* AppDelegate.swift */; };
		E61282012C8F402700D8E09E /* SceneDelegate.swift in Sources */ = {isa = PBXBuildFile; fileRef = E61282002C8F402700D8E09E /* SceneDelegate.swift */; };
		E61282062C8F402700D8E09E /* Base in Resources */ = {isa = PBXBuildFile; fileRef = E61282052C8F402700D8E09E /* Base */; };
		E61282082C8F402900D8E09E /* Assets.xcassets in Resources */ = {isa = PBXBuildFile; fileRef = E61282072C8F402900D8E09E /* Assets.xcassets */; };
		E612820B2C8F402900D8E09E /* Base in Resources */ = {isa = PBXBuildFile; fileRef = E612820A2C8F402900D8E09E /* Base */; };
		E667A3112C8F570D0036CB78 /* ChatViewController.swift in Sources */ = {isa = PBXBuildFile; fileRef = E667A3102C8F570D0036CB78 /* ChatViewController.swift */; };
		E667A3132C8F57170036CB78 /* ChannelViewController.swift in Sources */ = {isa = PBXBuildFile; fileRef = E667A3122C8F57170036CB78 /* ChannelViewController.swift */; };
		E667A3172C8F65230036CB78 /* SWRevealViewController.m in Sources */ = {isa = PBXBuildFile; fileRef = E667A3162C8F65230036CB78 /* SWRevealViewController.m */; };
		E667A3192C8F6A1E0036CB78 /* GradientView.swift in Sources */ = {isa = PBXBuildFile; fileRef = E667A3182C8F6A1E0036CB78 /* GradientView.swift */; };
		E667A31C2C901BB40036CB78 /* Constants.swift in Sources */ = {isa = PBXBuildFile; fileRef = E667A31B2C901BB40036CB78 /* Constants.swift */; };
		E667A31E2C9029650036CB78 /* LoginViewController.swift in Sources */ = {isa = PBXBuildFile; fileRef = E667A31D2C9029650036CB78 /* LoginViewController.swift */; };
		E6D947442C905AB700E9F5E0 /* CreateAccountViewController.swift in Sources */ = {isa = PBXBuildFile; fileRef = E6D947432C905AB700E9F5E0 /* CreateAccountViewController.swift */; };
		E6D947472C90790400E9F5E0 /* AuthService.swift in Sources */ = {isa = PBXBuildFile; fileRef = E6D947462C90790400E9F5E0 /* AuthService.swift */; };
		E6D947492C916B1D00E9F5E0 /* RoundedButton.swift in Sources */ = {isa = PBXBuildFile; fileRef = E6D947482C916B1D00E9F5E0 /* RoundedButton.swift */; };
		E6D9474B2C917F7A00E9F5E0 /* UserDataService.swift in Sources */ = {isa = PBXBuildFile; fileRef = E6D9474A2C917F7A00E9F5E0 /* UserDataService.swift */; };
		E6D9474D2C919F4B00E9F5E0 /* AvatarPickerViewController.swift in Sources */ = {isa = PBXBuildFile; fileRef = E6D9474C2C919F4B00E9F5E0 /* AvatarPickerViewController.swift */; };
		E6D9474F2C91A19400E9F5E0 /* AvatarCollectionViewCell.swift in Sources */ = {isa = PBXBuildFile; fileRef = E6D9474E2C91A19400E9F5E0 /* AvatarCollectionViewCell.swift */; };
/* End PBXBuildFile section */

/* Begin PBXFileReference section */
		12A1674CEE2FCA3CC615412D /* Pods-Smack.release.xcconfig */ = {isa = PBXFileReference; includeInIndex = 1; lastKnownFileType = text.xcconfig; name = "Pods-Smack.release.xcconfig"; path = "Target Support Files/Pods-Smack/Pods-Smack.release.xcconfig"; sourceTree = "<group>"; };
		15A462F18BF8BBE4FBF569DA /* Pods_Smack.framework */ = {isa = PBXFileReference; explicitFileType = wrapper.framework; includeInIndex = 0; path = Pods_Smack.framework; sourceTree = BUILT_PRODUCTS_DIR; };
		B561B15FAD10D9FEE44897B5 /* Pods-Smack.debug.xcconfig */ = {isa = PBXFileReference; includeInIndex = 1; lastKnownFileType = text.xcconfig; name = "Pods-Smack.debug.xcconfig"; path = "Target Support Files/Pods-Smack/Pods-Smack.debug.xcconfig"; sourceTree = "<group>"; };
		E61281FB2C8F402700D8E09E /* Smack.app */ = {isa = PBXFileReference; explicitFileType = wrapper.application; includeInIndex = 0; path = Smack.app; sourceTree = BUILT_PRODUCTS_DIR; };
		E61281FE2C8F402700D8E09E /* AppDelegate.swift */ = {isa = PBXFileReference; lastKnownFileType = sourcecode.swift; path = AppDelegate.swift; sourceTree = "<group>"; };
		E61282002C8F402700D8E09E /* SceneDelegate.swift */ = {isa = PBXFileReference; lastKnownFileType = sourcecode.swift; path = SceneDelegate.swift; sourceTree = "<group>"; };
		E61282052C8F402700D8E09E /* Base */ = {isa = PBXFileReference; lastKnownFileType = file.storyboard; name = Base; path = Base.lproj/Main.storyboard; sourceTree = "<group>"; };
		E61282072C8F402900D8E09E /* Assets.xcassets */ = {isa = PBXFileReference; lastKnownFileType = folder.assetcatalog; path = Assets.xcassets; sourceTree = "<group>"; };
		E612820A2C8F402900D8E09E /* Base */ = {isa = PBXFileReference; lastKnownFileType = file.storyboard; name = Base; path = Base.lproj/LaunchScreen.storyboard; sourceTree = "<group>"; };
		E612820C2C8F402900D8E09E /* Info.plist */ = {isa = PBXFileReference; lastKnownFileType = text.plist.xml; path = Info.plist; sourceTree = "<group>"; };
		E667A3102C8F570D0036CB78 /* ChatViewController.swift */ = {isa = PBXFileReference; lastKnownFileType = sourcecode.swift; path = ChatViewController.swift; sourceTree = "<group>"; };
		E667A3122C8F57170036CB78 /* ChannelViewController.swift */ = {isa = PBXFileReference; lastKnownFileType = sourcecode.swift; path = ChannelViewController.swift; sourceTree = "<group>"; };
		E667A3142C8F65220036CB78 /* Smack-Bridging-Header.h */ = {isa = PBXFileReference; lastKnownFileType = sourcecode.c.h; path = "Smack-Bridging-Header.h"; sourceTree = "<group>"; };
		E667A3152C8F65230036CB78 /* SWRevealViewController.h */ = {isa = PBXFileReference; fileEncoding = 4; lastKnownFileType = sourcecode.c.h; path = SWRevealViewController.h; sourceTree = "<group>"; };
		E667A3162C8F65230036CB78 /* SWRevealViewController.m */ = {isa = PBXFileReference; fileEncoding = 4; lastKnownFileType = sourcecode.c.objc; path = SWRevealViewController.m; sourceTree = "<group>"; };
		E667A3182C8F6A1E0036CB78 /* GradientView.swift */ = {isa = PBXFileReference; lastKnownFileType = sourcecode.swift; path = GradientView.swift; sourceTree = "<group>"; };
		E667A31B2C901BB40036CB78 /* Constants.swift */ = {isa = PBXFileReference; lastKnownFileType = sourcecode.swift; path = Constants.swift; sourceTree = "<group>"; };
		E667A31D2C9029650036CB78 /* LoginViewController.swift */ = {isa = PBXFileReference; lastKnownFileType = sourcecode.swift; path = LoginViewController.swift; sourceTree = "<group>"; };
		E6D947432C905AB700E9F5E0 /* CreateAccountViewController.swift */ = {isa = PBXFileReference; lastKnownFileType = sourcecode.swift; path = CreateAccountViewController.swift; sourceTree = "<group>"; };
		E6D947462C90790400E9F5E0 /* AuthService.swift */ = {isa = PBXFileReference; lastKnownFileType = sourcecode.swift; path = AuthService.swift; sourceTree = "<group>"; };
		E6D947482C916B1D00E9F5E0 /* RoundedButton.swift */ = {isa = PBXFileReference; lastKnownFileType = sourcecode.swift; path = RoundedButton.swift; sourceTree = "<group>"; };
		E6D9474A2C917F7A00E9F5E0 /* UserDataService.swift */ = {isa = PBXFileReference; lastKnownFileType = sourcecode.swift; path = UserDataService.swift; sourceTree = "<group>"; };
		E6D9474C2C919F4B00E9F5E0 /* AvatarPickerViewController.swift */ = {isa = PBXFileReference; lastKnownFileType = sourcecode.swift; path = AvatarPickerViewController.swift; sourceTree = "<group>"; };
		E6D9474E2C91A19400E9F5E0 /* AvatarCollectionViewCell.swift */ = {isa = PBXFileReference; lastKnownFileType = sourcecode.swift; path = AvatarCollectionViewCell.swift; sourceTree = "<group>"; };
/* End PBXFileReference section */

/* Begin PBXFrameworksBuildPhase section */
		E61281F82C8F402700D8E09E /* Frameworks */ = {
			isa = PBXFrameworksBuildPhase;
			buildActionMask = 2147483647;
			files = (
				BFF1CCB769ED72714DC651B1 /* Pods_Smack.framework in Frameworks */,
			);
			runOnlyForDeploymentPostprocessing = 0;
		};
/* End PBXFrameworksBuildPhase section */

/* Begin PBXGroup section */
		7C93088B1204D25FFCB2FB60 /* Pods */ = {
			isa = PBXGroup;
			children = (
				B561B15FAD10D9FEE44897B5 /* Pods-Smack.debug.xcconfig */,
				12A1674CEE2FCA3CC615412D /* Pods-Smack.release.xcconfig */,
			);
			path = Pods;
			sourceTree = "<group>";
		};
		D049A0B889F9F8E416100B47 /* Frameworks */ = {
			isa = PBXGroup;
			children = (
				15A462F18BF8BBE4FBF569DA /* Pods_Smack.framework */,
			);
			name = Frameworks;
			sourceTree = "<group>";
		};
		E61281F22C8F402700D8E09E = {
			isa = PBXGroup;
			children = (
				E61281FD2C8F402700D8E09E /* Smack */,
				E61281FC2C8F402700D8E09E /* Products */,
				7C93088B1204D25FFCB2FB60 /* Pods */,
				D049A0B889F9F8E416100B47 /* Frameworks */,
			);
			sourceTree = "<group>";
		};
		E61281FC2C8F402700D8E09E /* Products */ = {
			isa = PBXGroup;
			children = (
				E61281FB2C8F402700D8E09E /* Smack.app */,
			);
			name = Products;
			sourceTree = "<group>";
		};
		E61281FD2C8F402700D8E09E /* Smack */ = {
			isa = PBXGroup;
			children = (
				E6D947452C9078F400E9F5E0 /* Services */,
				E667A31A2C901BA00036CB78 /* Utilities */,
				E667A30F2C8F56F70036CB78 /* Model */,
				E667A30E2C8F56E80036CB78 /* View */,
				E667A30D2C8F56DE0036CB78 /* Controller */,
				E667A30C2C8F53C40036CB78 /* Supporting Files */,
				E61281FE2C8F402700D8E09E /* AppDelegate.swift */,
				E61282002C8F402700D8E09E /* SceneDelegate.swift */,
				E61282042C8F402700D8E09E /* Main.storyboard */,
				E61282072C8F402900D8E09E /* Assets.xcassets */,
				E61282092C8F402900D8E09E /* LaunchScreen.storyboard */,
				E612820C2C8F402900D8E09E /* Info.plist */,
			);
			path = Smack;
			sourceTree = "<group>";
		};
		E667A30C2C8F53C40036CB78 /* Supporting Files */ = {
			isa = PBXGroup;
			children = (
				E667A3152C8F65230036CB78 /* SWRevealViewController.h */,
				E667A3162C8F65230036CB78 /* SWRevealViewController.m */,
				E667A3142C8F65220036CB78 /* Smack-Bridging-Header.h */,
			);
			path = "Supporting Files";
			sourceTree = "<group>";
		};
		E667A30D2C8F56DE0036CB78 /* Controller */ = {
			isa = PBXGroup;
			children = (
				E667A3122C8F57170036CB78 /* ChannelViewController.swift */,
				E667A3102C8F570D0036CB78 /* ChatViewController.swift */,
				E667A31D2C9029650036CB78 /* LoginViewController.swift */,
				E6D947432C905AB700E9F5E0 /* CreateAccountViewController.swift */,
				E6D9474C2C919F4B00E9F5E0 /* AvatarPickerViewController.swift */,
			);
			path = Controller;
			sourceTree = "<group>";
		};
		E667A30E2C8F56E80036CB78 /* View */ = {
			isa = PBXGroup;
			children = (
				E667A3182C8F6A1E0036CB78 /* GradientView.swift */,
				E6D947482C916B1D00E9F5E0 /* RoundedButton.swift */,
				E6D9474E2C91A19400E9F5E0 /* AvatarCollectionViewCell.swift */,
			);
			path = View;
			sourceTree = "<group>";
		};
		E667A30F2C8F56F70036CB78 /* Model */ = {
			isa = PBXGroup;
			children = (
			);
			path = Model;
			sourceTree = "<group>";
		};
		E667A31A2C901BA00036CB78 /* Utilities */ = {
			isa = PBXGroup;
			children = (
				E667A31B2C901BB40036CB78 /* Constants.swift */,
			);
			path = Utilities;
			sourceTree = "<group>";
		};
		E6D947452C9078F400E9F5E0 /* Services */ = {
			isa = PBXGroup;
			children = (
				E6D947462C90790400E9F5E0 /* AuthService.swift */,
				E6D9474A2C917F7A00E9F5E0 /* UserDataService.swift */,
			);
			path = Services;
			sourceTree = "<group>";
		};
/* End PBXGroup section */

/* Begin PBXNativeTarget section */
		E61281FA2C8F402700D8E09E /* Smack */ = {
			isa = PBXNativeTarget;
			buildConfigurationList = E612820F2C8F402900D8E09E /* Build configuration list for PBXNativeTarget "Smack" */;
			buildPhases = (
				818D6DF2F64C5BC3E3085D03 /* [CP] Check Pods Manifest.lock */,
				E61281F72C8F402700D8E09E /* Sources */,
				E61281F82C8F402700D8E09E /* Frameworks */,
				E61281F92C8F402700D8E09E /* Resources */,
				720D43867F3BD557B27DEA41 /* [CP] Embed Pods Frameworks */,
			);
			buildRules = (
			);
			dependencies = (
			);
			name = Smack;
			productName = Smack;
			productReference = E61281FB2C8F402700D8E09E /* Smack.app */;
			productType = "com.apple.product-type.application";
		};
/* End PBXNativeTarget section */

/* Begin PBXProject section */
		E61281F32C8F402700D8E09E /* Project object */ = {
			isa = PBXProject;
			attributes = {
				BuildIndependentTargetsInParallel = 1;
				LastSwiftUpdateCheck = 1530;
				LastUpgradeCheck = 1530;
				TargetAttributes = {
					E61281FA2C8F402700D8E09E = {
						CreatedOnToolsVersion = 15.3;
						LastSwiftMigration = 1530;
					};
				};
			};
			buildConfigurationList = E61281F62C8F402700D8E09E /* Build configuration list for PBXProject "Smack" */;
			compatibilityVersion = "Xcode 14.0";
			developmentRegion = en;
			hasScannedForEncodings = 0;
			knownRegions = (
				en,
				Base,
			);
			mainGroup = E61281F22C8F402700D8E09E;
			productRefGroup = E61281FC2C8F402700D8E09E /* Products */;
			projectDirPath = "";
			projectRoot = "";
			targets = (
				E61281FA2C8F402700D8E09E /* Smack */,
			);
		};
/* End PBXProject section */

/* Begin PBXResourcesBuildPhase section */
		E61281F92C8F402700D8E09E /* Resources */ = {
			isa = PBXResourcesBuildPhase;
			buildActionMask = 2147483647;
			files = (
				E61282082C8F402900D8E09E /* Assets.xcassets in Resources */,
				E612820B2C8F402900D8E09E /* Base in Resources */,
				E61282062C8F402700D8E09E /* Base in Resources */,
			);
			runOnlyForDeploymentPostprocessing = 0;
		};
/* End PBXResourcesBuildPhase section */

/* Begin PBXShellScriptBuildPhase section */
		720D43867F3BD557B27DEA41 /* [CP] Embed Pods Frameworks */ = {
			isa = PBXShellScriptBuildPhase;
			buildActionMask = 2147483647;
			files = (
			);
			inputFileListPaths = (
				"${PODS_ROOT}/Target Support Files/Pods-Smack/Pods-Smack-frameworks-${CONFIGURATION}-input-files.xcfilelist",
			);
			name = "[CP] Embed Pods Frameworks";
			outputFileListPaths = (
				"${PODS_ROOT}/Target Support Files/Pods-Smack/Pods-Smack-frameworks-${CONFIGURATION}-output-files.xcfilelist",
			);
			runOnlyForDeploymentPostprocessing = 0;
			shellPath = /bin/sh;
			shellScript = "\"${PODS_ROOT}/Target Support Files/Pods-Smack/Pods-Smack-frameworks.sh\"\n";
			showEnvVarsInLog = 0;
		};
		818D6DF2F64C5BC3E3085D03 /* [CP] Check Pods Manifest.lock */ = {
			isa = PBXShellScriptBuildPhase;
			buildActionMask = 2147483647;
			files = (
			);
			inputFileListPaths = (
			);
			inputPaths = (
				"${PODS_PODFILE_DIR_PATH}/Podfile.lock",
				"${PODS_ROOT}/Manifest.lock",
			);
			name = "[CP] Check Pods Manifest.lock";
			outputFileListPaths = (
			);
			outputPaths = (
				"$(DERIVED_FILE_DIR)/Pods-Smack-checkManifestLockResult.txt",
			);
			runOnlyForDeploymentPostprocessing = 0;
			shellPath = /bin/sh;
			shellScript = "diff \"${PODS_PODFILE_DIR_PATH}/Podfile.lock\" \"${PODS_ROOT}/Manifest.lock\" > /dev/null\nif [ $? != 0 ] ; then\n    # print error to STDERR\n    echo \"error: The sandbox is not in sync with the Podfile.lock. Run 'pod install' or update your CocoaPods installation.\" >&2\n    exit 1\nfi\n# This output is used by Xcode 'outputs' to avoid re-running this script phase.\necho \"SUCCESS\" > \"${SCRIPT_OUTPUT_FILE_0}\"\n";
			showEnvVarsInLog = 0;
		};
/* End PBXShellScriptBuildPhase section */

/* Begin PBXSourcesBuildPhase section */
		E61281F72C8F402700D8E09E /* Sources */ = {
			isa = PBXSourcesBuildPhase;
			buildActionMask = 2147483647;
			files = (
				E61281FF2C8F402700D8E09E /* AppDelegate.swift in Sources */,
				E61282012C8F402700D8E09E /* SceneDelegate.swift in Sources */,
				E667A3192C8F6A1E0036CB78 /* GradientView.swift in Sources */,
				E667A31E2C9029650036CB78 /* LoginViewController.swift in Sources */,
				E667A3172C8F65230036CB78 /* SWRevealViewController.m in Sources */,
				E6D9474F2C91A19400E9F5E0 /* AvatarCollectionViewCell.swift in Sources */,
				E667A31C2C901BB40036CB78 /* Constants.swift in Sources */,
				E6D9474B2C917F7A00E9F5E0 /* UserDataService.swift in Sources */,
				E6D947492C916B1D00E9F5E0 /* RoundedButton.swift in Sources */,
				E6D947442C905AB700E9F5E0 /* CreateAccountViewController.swift in Sources */,
				E6D947472C90790400E9F5E0 /* AuthService.swift in Sources */,
				E667A3112C8F570D0036CB78 /* ChatViewController.swift in Sources */,
				E6D9474D2C919F4B00E9F5E0 /* AvatarPickerViewController.swift in Sources */,
				E667A3132C8F57170036CB78 /* ChannelViewController.swift in Sources */,
			);
			runOnlyForDeploymentPostprocessing = 0;
		};
/* End PBXSourcesBuildPhase section */

/* Begin PBXVariantGroup section */
		E61282042C8F402700D8E09E /* Main.storyboard */ = {
			isa = PBXVariantGroup;
			children = (
				E61282052C8F402700D8E09E /* Base */,
			);
			name = Main.storyboard;
			sourceTree = "<group>";
		};
		E61282092C8F402900D8E09E /* LaunchScreen.storyboard */ = {
			isa = PBXVariantGroup;
			children = (
				E612820A2C8F402900D8E09E /* Base */,
			);
			name = LaunchScreen.storyboard;
			sourceTree = "<group>";
		};
/* End PBXVariantGroup section */

/* Begin XCBuildConfiguration section */
		E612820D2C8F402900D8E09E /* Debug */ = {
			isa = XCBuildConfiguration;
			buildSettings = {
				ALWAYS_SEARCH_USER_PATHS = NO;
				ASSETCATALOG_COMPILER_GENERATE_SWIFT_ASSET_SYMBOL_EXTENSIONS = YES;
				CLANG_ANALYZER_NONNULL = YES;
				CLANG_ANALYZER_NUMBER_OBJECT_CONVERSION = YES_AGGRESSIVE;
				CLANG_CXX_LANGUAGE_STANDARD = "gnu++20";
				CLANG_ENABLE_MODULES = YES;
				CLANG_ENABLE_OBJC_ARC = YES;
				CLANG_ENABLE_OBJC_WEAK = YES;
				CLANG_WARN_BLOCK_CAPTURE_AUTORELEASING = YES;
				CLANG_WARN_BOOL_CONVERSION = YES;
				CLANG_WARN_COMMA = YES;
				CLANG_WARN_CONSTANT_CONVERSION = YES;
				CLANG_WARN_DEPRECATED_OBJC_IMPLEMENTATIONS = YES;
				CLANG_WARN_DIRECT_OBJC_ISA_USAGE = YES_ERROR;
				CLANG_WARN_DOCUMENTATION_COMMENTS = YES;
				CLANG_WARN_EMPTY_BODY = YES;
				CLANG_WARN_ENUM_CONVERSION = YES;
				CLANG_WARN_INFINITE_RECURSION = YES;
				CLANG_WARN_INT_CONVERSION = YES;
				CLANG_WARN_NON_LITERAL_NULL_CONVERSION = YES;
				CLANG_WARN_OBJC_IMPLICIT_RETAIN_SELF = YES;
				CLANG_WARN_OBJC_LITERAL_CONVERSION = YES;
				CLANG_WARN_OBJC_ROOT_CLASS = YES_ERROR;
				CLANG_WARN_QUOTED_INCLUDE_IN_FRAMEWORK_HEADER = YES;
				CLANG_WARN_RANGE_LOOP_ANALYSIS = YES;
				CLANG_WARN_STRICT_PROTOTYPES = YES;
				CLANG_WARN_SUSPICIOUS_MOVE = YES;
				CLANG_WARN_UNGUARDED_AVAILABILITY = YES_AGGRESSIVE;
				CLANG_WARN_UNREACHABLE_CODE = YES;
				CLANG_WARN__DUPLICATE_METHOD_MATCH = YES;
				COPY_PHASE_STRIP = NO;
				DEBUG_INFORMATION_FORMAT = dwarf;
				ENABLE_STRICT_OBJC_MSGSEND = YES;
				ENABLE_TESTABILITY = YES;
				ENABLE_USER_SCRIPT_SANDBOXING = NO;
				GCC_C_LANGUAGE_STANDARD = gnu17;
				GCC_DYNAMIC_NO_PIC = NO;
				GCC_NO_COMMON_BLOCKS = YES;
				GCC_OPTIMIZATION_LEVEL = 0;
				GCC_PREPROCESSOR_DEFINITIONS = (
					"DEBUG=1",
					"$(inherited)",
				);
				GCC_WARN_64_TO_32_BIT_CONVERSION = YES;
				GCC_WARN_ABOUT_RETURN_TYPE = YES_ERROR;
				GCC_WARN_UNDECLARED_SELECTOR = YES;
				GCC_WARN_UNINITIALIZED_AUTOS = YES_AGGRESSIVE;
				GCC_WARN_UNUSED_FUNCTION = YES;
				GCC_WARN_UNUSED_VARIABLE = YES;
				IPHONEOS_DEPLOYMENT_TARGET = 12.0;
				LOCALIZATION_PREFERS_STRING_CATALOGS = YES;
				MTL_ENABLE_DEBUG_INFO = INCLUDE_SOURCE;
				MTL_FAST_MATH = YES;
				ONLY_ACTIVE_ARCH = YES;
				SDKROOT = iphoneos;
				SWIFT_ACTIVE_COMPILATION_CONDITIONS = "DEBUG $(inherited)";
				SWIFT_OPTIMIZATION_LEVEL = "-Onone";
			};
			name = Debug;
		};
		E612820E2C8F402900D8E09E /* Release */ = {
			isa = XCBuildConfiguration;
			buildSettings = {
				ALWAYS_SEARCH_USER_PATHS = NO;
				ASSETCATALOG_COMPILER_GENERATE_SWIFT_ASSET_SYMBOL_EXTENSIONS = YES;
				CLANG_ANALYZER_NONNULL = YES;
				CLANG_ANALYZER_NUMBER_OBJECT_CONVERSION = YES_AGGRESSIVE;
				CLANG_CXX_LANGUAGE_STANDARD = "gnu++20";
				CLANG_ENABLE_MODULES = YES;
				CLANG_ENABLE_OBJC_ARC = YES;
				CLANG_ENABLE_OBJC_WEAK = YES;
				CLANG_WARN_BLOCK_CAPTURE_AUTORELEASING = YES;
				CLANG_WARN_BOOL_CONVERSION = YES;
				CLANG_WARN_COMMA = YES;
				CLANG_WARN_CONSTANT_CONVERSION = YES;
				CLANG_WARN_DEPRECATED_OBJC_IMPLEMENTATIONS = YES;
				CLANG_WARN_DIRECT_OBJC_ISA_USAGE = YES_ERROR;
				CLANG_WARN_DOCUMENTATION_COMMENTS = YES;
				CLANG_WARN_EMPTY_BODY = YES;
				CLANG_WARN_ENUM_CONVERSION = YES;
				CLANG_WARN_INFINITE_RECURSION = YES;
				CLANG_WARN_INT_CONVERSION = YES;
				CLANG_WARN_NON_LITERAL_NULL_CONVERSION = YES;
				CLANG_WARN_OBJC_IMPLICIT_RETAIN_SELF = YES;
				CLANG_WARN_OBJC_LITERAL_CONVERSION = YES;
				CLANG_WARN_OBJC_ROOT_CLASS = YES_ERROR;
				CLANG_WARN_QUOTED_INCLUDE_IN_FRAMEWORK_HEADER = YES;
				CLANG_WARN_RANGE_LOOP_ANALYSIS = YES;
				CLANG_WARN_STRICT_PROTOTYPES = YES;
				CLANG_WARN_SUSPICIOUS_MOVE = YES;
				CLANG_WARN_UNGUARDED_AVAILABILITY = YES_AGGRESSIVE;
				CLANG_WARN_UNREACHABLE_CODE = YES;
				CLANG_WARN__DUPLICATE_METHOD_MATCH = YES;
				COPY_PHASE_STRIP = NO;
				DEBUG_INFORMATION_FORMAT = "dwarf-with-dsym";
				ENABLE_NS_ASSERTIONS = NO;
				ENABLE_STRICT_OBJC_MSGSEND = YES;
				ENABLE_USER_SCRIPT_SANDBOXING = NO;
				GCC_C_LANGUAGE_STANDARD = gnu17;
				GCC_NO_COMMON_BLOCKS = YES;
				GCC_WARN_64_TO_32_BIT_CONVERSION = YES;
				GCC_WARN_ABOUT_RETURN_TYPE = YES_ERROR;
				GCC_WARN_UNDECLARED_SELECTOR = YES;
				GCC_WARN_UNINITIALIZED_AUTOS = YES_AGGRESSIVE;
				GCC_WARN_UNUSED_FUNCTION = YES;
				GCC_WARN_UNUSED_VARIABLE = YES;
				IPHONEOS_DEPLOYMENT_TARGET = 12.0;
				LOCALIZATION_PREFERS_STRING_CATALOGS = YES;
				MTL_ENABLE_DEBUG_INFO = NO;
				MTL_FAST_MATH = YES;
				SDKROOT = iphoneos;
				SWIFT_COMPILATION_MODE = wholemodule;
				VALIDATE_PRODUCT = YES;
			};
			name = Release;
		};
		E61282102C8F402900D8E09E /* Debug */ = {
			isa = XCBuildConfiguration;
			baseConfigurationReference = B561B15FAD10D9FEE44897B5 /* Pods-Smack.debug.xcconfig */;
			buildSettings = {
				ASSETCATALOG_COMPILER_APPICON_NAME = AppIcon;
				ASSETCATALOG_COMPILER_GLOBAL_ACCENT_COLOR_NAME = AccentColor;
				CLANG_ENABLE_MODULES = YES;
				CODE_SIGN_STYLE = Automatic;
				CURRENT_PROJECT_VERSION = 1;
				DEVELOPMENT_TEAM = 8P332J2ULD;
				GENERATE_INFOPLIST_FILE = YES;
				INFOPLIST_FILE = Smack/Info.plist;
				INFOPLIST_KEY_UIApplicationSupportsIndirectInputEvents = YES;
				INFOPLIST_KEY_UILaunchStoryboardName = LaunchScreen;
				INFOPLIST_KEY_UIMainStoryboardFile = Main;
				INFOPLIST_KEY_UISupportedInterfaceOrientations = UIInterfaceOrientationPortrait;
				LD_RUNPATH_SEARCH_PATHS = (
					"$(inherited)",
					"@executable_path/Frameworks",
				);
				MARKETING_VERSION = 1.0;
				PRODUCT_BUNDLE_IDENTIFIER = modernwebsites.co.za.Smack;
				PRODUCT_NAME = "$(TARGET_NAME)";
				SWIFT_EMIT_LOC_STRINGS = YES;
				SWIFT_OBJC_BRIDGING_HEADER = "Smack/Supporting Files/Smack-Bridging-Header.h";
				SWIFT_OPTIMIZATION_LEVEL = "-Onone";
				SWIFT_VERSION = 5.0;
				TARGETED_DEVICE_FAMILY = "1,2";
			};
			name = Debug;
		};
		E61282112C8F402900D8E09E /* Release */ = {
			isa = XCBuildConfiguration;
			baseConfigurationReference = 12A1674CEE2FCA3CC615412D /* Pods-Smack.release.xcconfig */;
			buildSettings = {
				ASSETCATALOG_COMPILER_APPICON_NAME = AppIcon;
				ASSETCATALOG_COMPILER_GLOBAL_ACCENT_COLOR_NAME = AccentColor;
				CLANG_ENABLE_MODULES = YES;
				CODE_SIGN_STYLE = Automatic;
				CURRENT_PROJECT_VERSION = 1;
				DEVELOPMENT_TEAM = 8P332J2ULD;
				GENERATE_INFOPLIST_FILE = YES;
				INFOPLIST_FILE = Smack/Info.plist;
				INFOPLIST_KEY_UIApplicationSupportsIndirectInputEvents = YES;
				INFOPLIST_KEY_UILaunchStoryboardName = LaunchScreen;
				INFOPLIST_KEY_UIMainStoryboardFile = Main;
				INFOPLIST_KEY_UISupportedInterfaceOrientations = UIInterfaceOrientationPortrait;
				LD_RUNPATH_SEARCH_PATHS = (
					"$(inherited)",
					"@executable_path/Frameworks",
				);
				MARKETING_VERSION = 1.0;
				PRODUCT_BUNDLE_IDENTIFIER = modernwebsites.co.za.Smack;
				PRODUCT_NAME = "$(TARGET_NAME)";
				SWIFT_EMIT_LOC_STRINGS = YES;
				SWIFT_OBJC_BRIDGING_HEADER = "Smack/Supporting Files/Smack-Bridging-Header.h";
				SWIFT_VERSION = 5.0;
				TARGETED_DEVICE_FAMILY = "1,2";
			};
			name = Release;
		};
/* End XCBuildConfiguration section */

/* Begin XCConfigurationList section */
		E61281F62C8F402700D8E09E /* Build configuration list for PBXProject "Smack" */ = {
			isa = XCConfigurationList;
			buildConfigurations = (
				E612820D2C8F402900D8E09E /* Debug */,
				E612820E2C8F402900D8E09E /* Release */,
			);
			defaultConfigurationIsVisible = 0;
			defaultConfigurationName = Release;
		};
		E612820F2C8F402900D8E09E /* Build configuration list for PBXNativeTarget "Smack" */ = {
			isa = XCConfigurationList;
			buildConfigurations = (
				E61282102C8F402900D8E09E /* Debug */,
				E61282112C8F402900D8E09E /* Release */,
			);
			defaultConfigurationIsVisible = 0;
			defaultConfigurationName = Release;
		};
/* End XCConfigurationList section */
	};
	rootObject = E61281F32C8F402700D8E09E /* Project object */;
}
